
Microsoft Visual Studio Solution File, Format Version 12.00
# Visual Studio Version 16
VisualStudioVersion = 16.0.30517.126
MinimumVisualStudioVersion = 10.0.40219.1
Project("{FAE04EC0-301F-11D3-BF4B-00C04F79EFBC}") = "Ass7", "Ass7\Ass7.csproj", "{95171898-B5CD-4E61-95E1-5AD453E2BED6}"
EndProject
Global
	GlobalSection(SolutionConfigurationPlatforms) = preSolution
		Debug|Any CPU = Debug|Any CPU
		Release|Any CPU = Release|Any CPU
	EndGlobalSection
	GlobalSection(ProjectConfigurationPlatforms) = postSolution
		{95171898-B5CD-4E61-95E1-5AD453E2BED6}.Debug|Any CPU.ActiveCfg = Debug|Any CPU
		{95171898-B5CD-4E61-95E1-5AD453E2BED6}.Debug|Any CPU.Build.0 = Debug|Any CPU
		{95171898-B5CD-4E61-95E1-5AD453E2BED6}.Release|Any CPU.ActiveCfg = Release|Any CPU
		{95171898-B5CD-4E61-95E1-5AD453E2BED6}.Release|Any CPU.Build.0 = Release|Any CPU
	EndGlobalSection
	GlobalSection(SolutionProperties) = preSolution
		HideSolutionNode = FALSE
	EndGlobalSection
	GlobalSection(ExtensibilityGlobals) = postSolution
		SolutionGuid = {059C0246-C1C5-4535-BBDB-EE4EE3AC8940}
	EndGlobalSection
EndGlobal
